
Microsoft Visual Studio Solution File, Format Version 12.00
# Visual Studio 15
Project("{FAE04EC0-301F-11D3-BF4B-00C04F79EFBC}") = "Assembly-CSharp", "Assembly-CSharp.csproj", "{45FCF97C-A2BF-08E3-00D0-B49D1B0A7324}"
EndProject
Project("{FAE04EC0-301F-11D3-BF4B-00C04F79EFBC}") = "Assembly-CSharp-Editor", "Assembly-CSharp-Editor.csproj", "{AC82C3F7-AFC2-D2D2-C60F-D762938BCBFF}"
EndProject
Global
	GlobalSection(SolutionConfigurationPlatforms) = preSolution
		Debug|Any CPU = Debug|Any CPU
		Release|Any CPU = Release|Any CPU
	EndGlobalSection
	GlobalSection(ProjectConfigurationPlatforms) = postSolution
		{45FCF97C-A2BF-08E3-00D0-B49D1B0A7324}.Debug|Any CPU.ActiveCfg = Debug|Any CPU
		{45FCF97C-A2BF-08E3-00D0-B49D1B0A7324}.Debug|Any CPU.Build.0 = Debug|Any CPU
		{45FCF97C-A2BF-08E3-00D0-B49D1B0A7324}.Release|Any CPU.ActiveCfg = Release|Any CPU
		{45FCF97C-A2BF-08E3-00D0-B49D1B0A7324}.Release|Any CPU.Build.0 = Release|Any CPU
		{AC82C3F7-AFC2-D2D2-C60F-D762938BCBFF}.Debug|Any CPU.ActiveCfg = Debug|Any CPU
		{AC82C3F7-AFC2-D2D2-C60F-D762938BCBFF}.Debug|Any CPU.Build.0 = Debug|Any CPU
		{AC82C3F7-AFC2-D2D2-C60F-D762938BCBFF}.Release|Any CPU.ActiveCfg = Release|Any CPU
		{AC82C3F7-AFC2-D2D2-C60F-D762938BCBFF}.Release|Any CPU.Build.0 = Release|Any CPU
	EndGlobalSection
	GlobalSection(SolutionProperties) = preSolution
		HideSolutionNode = FALSE
	EndGlobalSection
EndGlobal
